
Microsoft Visual Studio Solution File, Format Version 12.00
# Visual Studio Version 17
VisualStudioVersion = 17.8.34330.188
MinimumVisualStudioVersion = 10.0.40219.1
Project("{FAE04EC0-301F-11D3-BF4B-00C04F79EFBC}") = "DragDrop", "DragDrop\DragDrop.csproj", "{7B6BCED0-A0B2-4C85-B085-0C863F6DB9FD}"
EndProject
Global
	GlobalSection(SolutionConfigurationPlatforms) = preSolution
		Debug|Any CPU = Debug|Any CPU
		Release|Any CPU = Release|Any CPU
	EndGlobalSection
	GlobalSection(ProjectConfigurationPlatforms) = postSolution
		{7B6BCED0-A0B2-4C85-B085-0C863F6DB9FD}.Debug|Any CPU.ActiveCfg = Debug|Any CPU
		{7B6BCED0-A0B2-4C85-B085-0C863F6DB9FD}.Debug|Any CPU.Build.0 = Debug|Any CPU
		{7B6BCED0-A0B2-4C85-B085-0C863F6DB9FD}.Release|Any CPU.ActiveCfg = Release|Any CPU
		{7B6BCED0-A0B2-4C85-B085-0C863F6DB9FD}.Release|Any CPU.Build.0 = Release|Any CPU
	EndGlobalSection
	GlobalSection(SolutionProperties) = preSolution
		HideSolutionNode = FALSE
	EndGlobalSection
	GlobalSection(ExtensibilityGlobals) = postSolution
		SolutionGuid = {E301F0E7-439F-4E02-80E3-92DF4C66F8EA}
	EndGlobalSection
EndGlobal
